Microsoft Visual Studio Solution File, Format Version 11.00
# Visual Studio 2008

Project("{E195E874-9F96-F281-DCEF-070765322AB7}") = "Game Trial", "Assembly-CSharp.csproj", "{8B4490BD-C575-A68E-A27B-3F7C4FDEDC02}"
EndProject
Global
	GlobalSection(SolutionConfigurationPlatforms) = preSolution
		Debug|Any CPU = Debug|Any CPU
		Release|Any CPU = Release|Any CPU
	EndGlobalSection
	GlobalSection(ProjectConfigurationPlatforms) = postSolution
		{8B4490BD-C575-A68E-A27B-3F7C4FDEDC02}.Debug|Any CPU.ActiveCfg = Debug|Any CPU
		{8B4490BD-C575-A68E-A27B-3F7C4FDEDC02}.Debug|Any CPU.Build.0 = Debug|Any CPU
		{8B4490BD-C575-A68E-A27B-3F7C4FDEDC02}.Release|Any CPU.ActiveCfg = Release|Any CPU
		{8B4490BD-C575-A68E-A27B-3F7C4FDEDC02}.Release|Any CPU.Build.0 = Release|Any CPU
	EndGlobalSection
	GlobalSection(SolutionProperties) = preSolution
		HideSolutionNode = FALSE
	EndGlobalSection
	GlobalSection(MonoDevelopProperties) = preSolution
		StartupItem = Assembly-CSharp.csproj
	EndGlobalSection
EndGlobal
